PODS:
  - MaterialComponents/AnimationTiming (94.5.0)
  - MaterialComponents/Elevation (94.5.0):
    - MaterialComponents/private/Color
    - MaterialComponents/private/Math
  - MaterialComponents/Ink (94.5.0):
    - MaterialComponents/private/Color
    - MaterialComponents/private/Math
  - MaterialComponents/Palettes (94.5.0)
  - MaterialComponents/private/Application (94.5.0)
  - MaterialComponents/private/Color (94.5.0)
  - MaterialComponents/private/Math (94.5.0)
  - MaterialComponents/Ripple (94.5.0):
    - MaterialComponents/AnimationTiming
    - MaterialComponents/private/Color
    - MaterialComponents/private/Math
  - MaterialComponents/ShadowElevations (94.5.0)
  - MaterialComponents/ShadowLayer (94.5.0):
    - MaterialComponents/ShadowElevations
  - MaterialComponents/Tabs (94.5.0):
    - MaterialComponents/AnimationTiming
    - MaterialComponents/Elevation
    - MaterialComponents/Ink
    - MaterialComponents/Palettes
    - MaterialComponents/private/Math
    - MaterialComponents/Ripple
    - MaterialComponents/ShadowElevations
    - MaterialComponents/ShadowLayer
    - MaterialComponents/Typography
    - MDFInternationalization
  - MaterialComponents/Typography (94.5.0):
    - MaterialComponents/private/Application
    - MaterialComponents/private/Math
  - MDFInternationalization (2.0.0)

DEPENDENCIES:
  - MaterialComponents/Tabs (~> 94.5)

SPEC REPOS:
  trunk:
    - MaterialComponents
    - MDFInternationalization

SPEC CHECKSUMS:
  MaterialComponents: 36435454351719ef5c9bf1192a25fdcd2191c712
  MDFInternationalization: 010097556d6b09d2c4ea38e0820ea6d37be6a314

PODFILE CHECKSUM: 69694d2153334420b60f983a7c408f3bbb704d33

COCOAPODS: 1.9.3
